
Microsoft Visual Studio Solution File, Format Version 12.00
# Visual Studio Version 17
VisualStudioVersion = 17.6.33717.318
MinimumVisualStudioVersion = 10.0.40219.1
Project("{9A19103F-16F7-4668-BE54-9A1E7A4F7556}") = "LazyTab", "LazyTab\LazyTab.csproj", "{10D7B163-E739-409C-8E02-C751A7F8986C}"
EndProject
Project("{2150E333-8FDC-42A3-9474-1A3956D46DE8}") = "Solution Items", "Solution Items", "{F7C90553-4339-4FA1-9B6B-084EA3C0EA62}"
EndProject
Project("{9A19103F-16F7-4668-BE54-9A1E7A4F7556}") = "Demo.DryIoC", "Demo.DryIoC\Demo.DryIoC.csproj", "{69B83302-7E16-49AD-AFDE-49A3B5E486BD}"
EndProject
Global
	GlobalSection(SolutionConfigurationPlatforms) = preSolution
		Debug|Any CPU = Debug|Any CPU
		Release|Any CPU = Release|Any CPU
	EndGlobalSection
	GlobalSection(ProjectConfigurationPlatforms) = postSolution
		{10D7B163-E739-409C-8E02-C751A7F8986C}.Debug|Any CPU.ActiveCfg = Debug|Any CPU
		{10D7B163-E739-409C-8E02-C751A7F8986C}.Debug|Any CPU.Build.0 = Debug|Any CPU
		{10D7B163-E739-409C-8E02-C751A7F8986C}.Release|Any CPU.ActiveCfg = Release|Any CPU
		{10D7B163-E739-409C-8E02-C751A7F8986C}.Release|Any CPU.Build.0 = Release|Any CPU
		{69B83302-7E16-49AD-AFDE-49A3B5E486BD}.Debug|Any CPU.ActiveCfg = Debug|Any CPU
		{69B83302-7E16-49AD-AFDE-49A3B5E486BD}.Debug|Any CPU.Build.0 = Debug|Any CPU
		{69B83302-7E16-49AD-AFDE-49A3B5E486BD}.Release|Any CPU.ActiveCfg = Release|Any CPU
		{69B83302-7E16-49AD-AFDE-49A3B5E486BD}.Release|Any CPU.Build.0 = Release|Any CPU
	EndGlobalSection
	GlobalSection(SolutionProperties) = preSolution
		HideSolutionNode = FALSE
	EndGlobalSection
	GlobalSection(ExtensibilityGlobals) = postSolution
		SolutionGuid = {ACEC5556-00E0-4DAF-9A13-0FF4D156E962}
	EndGlobalSection
EndGlobal
